{
    "_meta": {
        "hash": {
            "sha256": "0b73efe3051ca375d03c0bf5f52ebaf19ec6b34143c6df54e06bfaf9b7976b2a"
        },
        "pipfile-spec": 6,
        "requires": {
            "python_version": "3.7"
        },
        "sources": [
            {
                "name": "pypi",
                "url": "https://pypi.org/simple",
                "verify_ssl": true
            }
        ]
    },
    "default": {
        "amqp": {
            "hashes": [
                "sha256:aa4409446139676943a2eaa27d5f58caf750f4ca5a89f888c452afd86be6a67d",
                "sha256:cbb6f87d53cac612a594f982b717cc1c54c6a1e17943a0a0d32dc6cc9e2120c8"
            ],
            "version": "==2.5.0"
        },
        "billiard": {
            "hashes": [
                "sha256:756bf323f250db8bf88462cd042c992ba60d8f5e07fc5636c24ba7d6f4261d84"
            ],
            "version": "==3.6.0.0"
        },
        "celery": {
            "hashes": [
                "sha256:4c4532aa683f170f40bd76f928b70bc06ff171a959e06e71bf35f2f9d6031ef9",
                "sha256:528e56767ae7e43a16cfef24ee1062491f5754368d38fcfffa861cdb9ef219be"
            ],
            "index": "pypi",
            "version": "==4.3.0"
        },
        "kombu": {
            "hashes": [
                "sha256:55b71d3785def3470a16217fe0780f9e6f95e61bf9ad39ef8dce0177224eab77",
                "sha256:eb365ea795cd7e629ba2f1f398e0c3ba354b91ef4de225ffdf6ab45fdfc7d581"
            ],
            "version": "==4.6.3"
        },
        "pytz": {
            "hashes": [
                "sha256:303879e36b721603cc54604edcac9d20401bdbe31e1e4fdee5b9f98d5d31dfda",
                "sha256:d747dd3d23d77ef44c6a3526e274af6efeb0a6f1afd5a69ba4d5be4098c8e141"
            ],
            "version": "==2019.1"
        },
        "redis": {
            "hashes": [
                "sha256:6946b5dca72e86103edc8033019cc3814c031232d339d5f4533b02ea85685175",
                "sha256:8ca418d2ddca1b1a850afa1680a7d2fd1f3322739271de4b704e0d4668449273"
            ],
            "index": "pypi",
            "version": "==3.2.1"
        },
        "vine": {
            "hashes": [
                "sha256:133ee6d7a9016f177ddeaf191c1f58421a1dcc6ee9a42c58b34bed40e1d2cd87",
                "sha256:ea4947cc56d1fd6f2095c8d543ee25dad966f78692528e68b4fada11ba3f98af"
            ],
            "version": "==1.3.0"
        }
    },
    "develop": {}
}
